
Microsoft Visual Studio Solution File, Format Version 12.00
# Visual Studio 15
VisualStudioVersion = 15.0.26730.12
MinimumVisualStudioVersion = 10.0.40219.1
Project("{9A19103F-16F7-4668-BE54-9A1E7A4F7556}") = "LambdaForums", "LambdaForums\LambdaForums.csproj", "{0693207C-9C79-4CBB-92DF-6C1EE1C35489}"
EndProject
Project("{9A19103F-16F7-4668-BE54-9A1E7A4F7556}") = "LambdaForums.Data", "LambdaForums.Data\LambdaForums.Data.csproj", "{B6800E53-E92F-45A5-958F-FD80FA39ED1F}"
EndProject
Project("{9A19103F-16F7-4668-BE54-9A1E7A4F7556}") = "LambdaForums.Service", "LambdaForums.Service\LambdaForums.Service.csproj", "{B57A45BC-BBCE-4792-B82E-EBD6414F1299}"
EndProject
Project("{9A19103F-16F7-4668-BE54-9A1E7A4F7556}") = "LambdaForums.Tests", "LambdaForums.Tests\LambdaForums.Tests.csproj", "{E374FA57-DD5B-4124-AD4C-836D44EEB66E}"
EndProject
Global
	GlobalSection(SolutionConfigurationPlatforms) = preSolution
		Debug|Any CPU = Debug|Any CPU
		Release|Any CPU = Release|Any CPU
	EndGlobalSection
	GlobalSection(ProjectConfigurationPlatforms) = postSolution
		{0693207C-9C79-4CBB-92DF-6C1EE1C35489}.Debug|Any CPU.ActiveCfg = Debug|Any CPU
		{0693207C-9C79-4CBB-92DF-6C1EE1C35489}.Debug|Any CPU.Build.0 = Debug|Any CPU
		{0693207C-9C79-4CBB-92DF-6C1EE1C35489}.Release|Any CPU.ActiveCfg = Release|Any CPU
		{0693207C-9C79-4CBB-92DF-6C1EE1C35489}.Release|Any CPU.Build.0 = Release|Any CPU
		{B6800E53-E92F-45A5-958F-FD80FA39ED1F}.Debug|Any CPU.ActiveCfg = Debug|Any CPU
		{B6800E53-E92F-45A5-958F-FD80FA39ED1F}.Debug|Any CPU.Build.0 = Debug|Any CPU
		{B6800E53-E92F-45A5-958F-FD80FA39ED1F}.Release|Any CPU.ActiveCfg = Release|Any CPU
		{B6800E53-E92F-45A5-958F-FD80FA39ED1F}.Release|Any CPU.Build.0 = Release|Any CPU
		{B57A45BC-BBCE-4792-B82E-EBD6414F1299}.Debug|Any CPU.ActiveCfg = Debug|Any CPU
		{B57A45BC-BBCE-4792-B82E-EBD6414F1299}.Debug|Any CPU.Build.0 = Debug|Any CPU
		{B57A45BC-BBCE-4792-B82E-EBD6414F1299}.Release|Any CPU.ActiveCfg = Release|Any CPU
		{B57A45BC-BBCE-4792-B82E-EBD6414F1299}.Release|Any CPU.Build.0 = Release|Any CPU
		{E374FA57-DD5B-4124-AD4C-836D44EEB66E}.Debug|Any CPU.ActiveCfg = Debug|Any CPU
		{E374FA57-DD5B-4124-AD4C-836D44EEB66E}.Debug|Any CPU.Build.0 = Debug|Any CPU
		{E374FA57-DD5B-4124-AD4C-836D44EEB66E}.Release|Any CPU.ActiveCfg = Release|Any CPU
		{E374FA57-DD5B-4124-AD4C-836D44EEB66E}.Release|Any CPU.Build.0 = Release|Any CPU
	EndGlobalSection
	GlobalSection(SolutionProperties) = preSolution
		HideSolutionNode = FALSE
	EndGlobalSection
	GlobalSection(ExtensibilityGlobals) = postSolution
		SolutionGuid = {2B60BDEE-F04A-4DD5-A82A-983E6D193C57}
	EndGlobalSection
EndGlobal
